{
  "name": "template_checker",
  "version": "1.0.0",
  "lockfileVersion": 3,
  "requires": true,
  "packages": {
    "": {
      "name": "template_checker",
      "version": "1.0.0",
      "license": "ISC",
      "dependencies": {
        "@json2csv/plainjs": "^7.0.6",
        "dotenv": "^16.4.7",
        "json-2-csv": "^5.5.9"
      }
    },
    "node_modules/@json2csv/formatters": {
      "version": "7.0.6",
      "resolved": "https://registry.npmjs.org/@json2csv/formatters/-/formatters-7.0.6.tgz",
      "integrity": "sha512-hjIk1H1TR4ydU5ntIENEPgoMGW+Q7mJ+537sDFDbsk+Y3EPl2i4NfFVjw0NJRgT+ihm8X30M67mA8AS6jPidSA==",
      "license": "MIT"
    },
    "node_modules/@json2csv/plainjs": {
      "version": "7.0.6",
      "resolved": "https://registry.npmjs.org/@json2csv/plainjs/-/plainjs-7.0.6.tgz",
      "integrity": "sha512-4Md7RPDCSYpmW1HWIpWBOqCd4vWfIqm53S3e/uzQ62iGi7L3r34fK/8nhOMEe+/eVfCx8+gdSCt1d74SlacQHw==",
      "license": "MIT",
      "dependencies": {
        "@json2csv/formatters": "^7.0.6",
        "@streamparser/json": "^0.0.20"
      }
    },
    "node_modules/@streamparser/json": {
      "version": "0.0.20",
      "resolved": "https://registry.npmjs.org/@streamparser/json/-/json-0.0.20.tgz",
      "integrity": "sha512-VqAAkydywPpkw63WQhPVKCD3SdwXuihCUVZbbiY3SfSTGQyHmwRoq27y4dmJdZuJwd5JIlQoMPyGvMbUPY0RKQ==",
      "license": "MIT"
    },
    "node_modules/deeks": {
      "version": "3.1.0",
      "resolved": "https://registry.npmjs.org/deeks/-/deeks-3.1.0.tgz",
      "integrity": "sha512-e7oWH1LzIdv/prMQ7pmlDlaVoL64glqzvNgkgQNgyec9ORPHrT2jaOqMtRyqJuwWjtfb6v+2rk9pmaHj+F137A==",
      "license": "MIT",
      "engines": {
        "node": ">= 16"
      }
    },
    "node_modules/doc-path": {
      "version": "4.1.1",
      "resolved": "https://registry.npmjs.org/doc-path/-/doc-path-4.1.1.tgz",
      "integrity": "sha512-h1ErTglQAVv2gCnOpD3sFS6uolDbOKHDU1BZq+Kl3npPqroU3dYL42lUgMfd5UimlwtRgp7C9dLGwqQ5D2HYgQ==",
      "license": "MIT",
      "engines": {
        "node": ">=16"
      }
    },
    "node_modules/dotenv": {
      "version": "16.4.7",
      "resolved": "https://registry.npmjs.org/dotenv/-/dotenv-16.4.7.tgz",
      "integrity": "sha512-47qPchRCykZC03FhkYAhrvwU4xDBFIj1QPqaarj6mdM/hgUzfPHcpkHJOn3mJAufFeeAxAzeGsr5X0M4k6fLZQ==",
      "license": "BSD-2-Clause",
      "engines": {
        "node": ">=12"
      },
      "funding": {
        "url": "https://dotenvx.com"
      }
    },
    "node_modules/json-2-csv": {
      "version": "5.5.9",
      "resolved": "https://registry.npmjs.org/json-2-csv/-/json-2-csv-5.5.9.tgz",
      "integrity": "sha512-l4g6GZVHrsN+5SKkpOmGNSvho+saDZwXzj/xmcO0lJAgklzwsiqy70HS5tA9djcRvBEybZ9IF6R1MDFTEsaOGQ==",
      "license": "MIT",
      "dependencies": {
        "deeks": "3.1.0",
        "doc-path": "4.1.1"
      },
      "engines": {
        "node": ">= 16"
      }
    }
  }
}
